
Microsoft Visual Studio Solution File, Format Version 12.00
# Visual Studio 14
VisualStudioVersion = 14.0.25420.1
MinimumVisualStudioVersion = 10.0.40219.1
Project("{FAE04EC0-301F-11D3-BF4B-00C04F79EFBC}") = "DictionariesSystem.Models", "DictionariesSystem.Models\DictionariesSystem.Models.csproj", "{928437ED-8A5E-4257-B685-7C92E44D49D8}"
EndProject
Project("{FAE04EC0-301F-11D3-BF4B-00C04F79EFBC}") = "DictionariesSystem.Data.Logs", "DictionariesSystem.Data.Logs\DictionariesSystem.Data.Logs.csproj", "{AFDC8239-90B4-4990-8B13-9C915DB26452}"
EndProject
Project("{FAE04EC0-301F-11D3-BF4B-00C04F79EFBC}") = "DictionariesSystem.ConsoleClient", "DictionariesSystem.ConsoleClient\DictionariesSystem.ConsoleClient.csproj", "{0A9E4056-AD44-420C-A833-0FD0629D9AD5}"
EndProject
Project("{FAE04EC0-301F-11D3-BF4B-00C04F79EFBC}") = "DictionariesSystem.Data.Users", "DictionariesSystem.Data.Users\DictionariesSystem.Data.Users.csproj", "{5D667D6B-675F-409E-B8A2-E9778FF66EEC}"
EndProject
Project("{FAE04EC0-301F-11D3-BF4B-00C04F79EFBC}") = "DictionariesSystem.Data.Dictionaries", "DictionariesSystem.Data.Dictionaries\DictionariesSystem.Data.Dictionaries.csproj", "{85DA9748-C30C-4EB6-83A5-9B36158E4E1C}"
EndProject
Project("{FAE04EC0-301F-11D3-BF4B-00C04F79EFBC}") = "DictionariesSystem.Contracts", "DictionariesSystem.Contracts\DictionariesSystem.Contracts.csproj", "{EBD8272B-9914-48EB-89EA-072F2528C474}"
EndProject
Project("{FAE04EC0-301F-11D3-BF4B-00C04F79EFBC}") = "DictionariesSystem.Framework", "DictionariesSystem.Framework\DictionariesSystem.Framework.csproj", "{96EF44E7-3074-4715-AC7E-E6EC695A77C1}"
EndProject
Project("{FAE04EC0-301F-11D3-BF4B-00C04F79EFBC}") = "DictionariesSystem.Data.Common", "DictionariesSystem.Data.Common\DictionariesSystem.Data.Common.csproj", "{38923FC0-65AC-4986-A0D4-0D38C5B95FA2}"
EndProject
Project("{FAE04EC0-301F-11D3-BF4B-00C04F79EFBC}") = "DictionariesSystem.Framework.Tests", "DictionariesSystem.Framework.Tests\DictionariesSystem.Framework.Tests.csproj", "{B39B43BC-02E0-4081-A9F8-A0D29ACB6B64}"
EndProject
Global
	GlobalSection(SolutionConfigurationPlatforms) = preSolution
		Debug|Any CPU = Debug|Any CPU
		Release|Any CPU = Release|Any CPU
	EndGlobalSection
	GlobalSection(ProjectConfigurationPlatforms) = postSolution
		{928437ED-8A5E-4257-B685-7C92E44D49D8}.Debug|Any CPU.ActiveCfg = Debug|Any CPU
		{928437ED-8A5E-4257-B685-7C92E44D49D8}.Debug|Any CPU.Build.0 = Debug|Any CPU
		{928437ED-8A5E-4257-B685-7C92E44D49D8}.Release|Any CPU.ActiveCfg = Release|Any CPU
		{928437ED-8A5E-4257-B685-7C92E44D49D8}.Release|Any CPU.Build.0 = Release|Any CPU
		{AFDC8239-90B4-4990-8B13-9C915DB26452}.Debug|Any CPU.ActiveCfg = Debug|Any CPU
		{AFDC8239-90B4-4990-8B13-9C915DB26452}.Debug|Any CPU.Build.0 = Debug|Any CPU
		{AFDC8239-90B4-4990-8B13-9C915DB26452}.Release|Any CPU.ActiveCfg = Release|Any CPU
		{AFDC8239-90B4-4990-8B13-9C915DB26452}.Release|Any CPU.Build.0 = Release|Any CPU
		{0A9E4056-AD44-420C-A833-0FD0629D9AD5}.Debug|Any CPU.ActiveCfg = Debug|Any CPU
		{0A9E4056-AD44-420C-A833-0FD0629D9AD5}.Debug|Any CPU.Build.0 = Debug|Any CPU
		{0A9E4056-AD44-420C-A833-0FD0629D9AD5}.Release|Any CPU.ActiveCfg = Release|Any CPU
		{0A9E4056-AD44-420C-A833-0FD0629D9AD5}.Release|Any CPU.Build.0 = Release|Any CPU
		{5D667D6B-675F-409E-B8A2-E9778FF66EEC}.Debug|Any CPU.ActiveCfg = Debug|Any CPU
		{5D667D6B-675F-409E-B8A2-E9778FF66EEC}.Debug|Any CPU.Build.0 = Debug|Any CPU
		{5D667D6B-675F-409E-B8A2-E9778FF66EEC}.Release|Any CPU.ActiveCfg = Release|Any CPU
		{5D667D6B-675F-409E-B8A2-E9778FF66EEC}.Release|Any CPU.Build.0 = Release|Any CPU
		{85DA9748-C30C-4EB6-83A5-9B36158E4E1C}.Debug|Any CPU.ActiveCfg = Debug|Any CPU
		{85DA9748-C30C-4EB6-83A5-9B36158E4E1C}.Debug|Any CPU.Build.0 = Debug|Any CPU
		{85DA9748-C30C-4EB6-83A5-9B36158E4E1C}.Release|Any CPU.ActiveCfg = Release|Any CPU
		{85DA9748-C30C-4EB6-83A5-9B36158E4E1C}.Release|Any CPU.Build.0 = Release|Any CPU
		{EBD8272B-9914-48EB-89EA-072F2528C474}.Debug|Any CPU.ActiveCfg = Debug|Any CPU
		{EBD8272B-9914-48EB-89EA-072F2528C474}.Debug|Any CPU.Build.0 = Debug|Any CPU
		{EBD8272B-9914-48EB-89EA-072F2528C474}.Release|Any CPU.ActiveCfg = Release|Any CPU
		{EBD8272B-9914-48EB-89EA-072F2528C474}.Release|Any CPU.Build.0 = Release|Any CPU
		{96EF44E7-3074-4715-AC7E-E6EC695A77C1}.Debug|Any CPU.ActiveCfg = Debug|Any CPU
		{96EF44E7-3074-4715-AC7E-E6EC695A77C1}.Debug|Any CPU.Build.0 = Debug|Any CPU
		{96EF44E7-3074-4715-AC7E-E6EC695A77C1}.Release|Any CPU.ActiveCfg = Release|Any CPU
		{96EF44E7-3074-4715-AC7E-E6EC695A77C1}.Release|Any CPU.Build.0 = Release|Any CPU
		{38923FC0-65AC-4986-A0D4-0D38C5B95FA2}.Debug|Any CPU.ActiveCfg = Debug|Any CPU
		{38923FC0-65AC-4986-A0D4-0D38C5B95FA2}.Debug|Any CPU.Build.0 = Debug|Any CPU
		{38923FC0-65AC-4986-A0D4-0D38C5B95FA2}.Release|Any CPU.ActiveCfg = Release|Any CPU
		{38923FC0-65AC-4986-A0D4-0D38C5B95FA2}.Release|Any CPU.Build.0 = Release|Any CPU
		{B39B43BC-02E0-4081-A9F8-A0D29ACB6B64}.Debug|Any CPU.ActiveCfg = Debug|Any CPU
		{B39B43BC-02E0-4081-A9F8-A0D29ACB6B64}.Debug|Any CPU.Build.0 = Debug|Any CPU
		{B39B43BC-02E0-4081-A9F8-A0D29ACB6B64}.Release|Any CPU.ActiveCfg = Release|Any CPU
		{B39B43BC-02E0-4081-A9F8-A0D29ACB6B64}.Release|Any CPU.Build.0 = Release|Any CPU
	EndGlobalSection
	GlobalSection(SolutionProperties) = preSolution
		HideSolutionNode = FALSE
	EndGlobalSection
EndGlobal
